<?xml version="1.0" encoding="utf-8"?>
<Project ToolsVersion="4.0" xmlns="http://schemas.microsoft.com/developer/msbuild/2003">
  <ItemGroup>
    <Filter Include="Source Files">
      <UniqueIdentifier>{4FC737F1-C7A5-4376-A066-2A32D752A2FF}</UniqueIdentifier>
      <Extensions>cpp;c;cc;cxx;def;odl;idl;hpj;bat;asm;asmx</Extensions>
    </Filter>
    <Filter Include="Header Files">
      <UniqueIdentifier>{93995380-89BD-4b04-88EB-625FBE52EBFB}</UniqueIdentifier>
      <Extensions>h;hh;hpp;hxx;hm;inl;inc;xsd</Extensions>
    </Filter>
    <Filter Include="Resource Files">
      <UniqueIdentifier>{67DA6AB6-F800-4c08-8B7A-83BB121AAD01}</UniqueIdentifier>
      <Extensions>rc;ico;cur;bmp;dlg;rc2;rct;bin;rgs;gif;jpg;jpeg;jpe;resx;tiff;tif;png;wav;mfcribbon-ms</Extensions>
    </Filter>
    <Filter Include="MyTools">
      <UniqueIdentifier>{3552869c-31e8-4ddd-8d02-922e91b70370}</UniqueIdentifier>
    </Filter>
    <Filter Include="Core">
      <UniqueIdentifier>{4ed27bbd-349e-4cdc-b027-fadbf0cdc10c}</UniqueIdentifier>
    </Filter>
    <Filter Include="Core\Text">
      <UniqueIdentifier>{4a3a26e9-dd1e-4d23-8ff7-614c175dad8b}</UniqueIdentifier>
    </Filter>
    <Filter Include="Core\Text\Expr">
      <UniqueIdentifier>{a6e06a02-cd6c-4e67-8c79-e8d0799ef3a7}</UniqueIdentifier>
    </Filter>
    <Filter Include="Core\Text\Res">
      <UniqueIdentifier>{e5ae030d-0218-4169-98b0-d5bb168c84a4}</UniqueIdentifier>
    </Filter>
    <Filter Include="Core\Feature">
      <UniqueIdentifier>{175c1287-9a1a-4c74-a88a-86bca97637cb}</UniqueIdentifier>
    </Filter>
    <Filter Include="Core\Object">
      <UniqueIdentifier>{e08df335-cc88-4025-b1c9-79f2abad957e}</UniqueIdentifier>
    </Filter>
    <Filter Include="Core\Script">
      <UniqueIdentifier>{2fa8ad0f-e0d4-4553-841b-c6968a9cc742}</UniqueIdentifier>
    </Filter>
    <Filter Include="Core\Feature\GameCore">
      <UniqueIdentifier>{1ab0d1ce-7be6-4d4f-8c77-5091afa4495b}</UniqueIdentifier>
    </Filter>
    <Filter Include="Core\Common">
      <UniqueIdentifier>{db8d11a9-5eab-435e-a61d-e3a6f22c92f2}</UniqueIdentifier>
    </Filter>
    <Filter Include="Core\Object\GameUi">
      <UniqueIdentifier>{00d488ac-1108-4910-bdda-6f360b01e7a1}</UniqueIdentifier>
    </Filter>
    <Filter Include="Core\Object\BaseObject">
      <UniqueIdentifier>{34d05535-caba-46b7-b059-e2e92b3de91c}</UniqueIdentifier>
    </Filter>
    <Filter Include="Core\Object\ObjectExtend">
      <UniqueIdentifier>{4288967a-373f-4348-8135-05eefe80efd3}</UniqueIdentifier>
    </Filter>
    <Filter Include="Core\Object\Person">
      <UniqueIdentifier>{922c58be-43ec-4f12-bcbb-e8b78fd83fd7}</UniqueIdentifier>
    </Filter>
    <Filter Include="Core\Object\Pet">
      <UniqueIdentifier>{7b5337d2-b091-425a-983b-4e93b00d1e5c}</UniqueIdentifier>
    </Filter>
    <Filter Include="Core\Object\Bag">
      <UniqueIdentifier>{7bbcee2e-e09f-4356-a9d1-6bf8cbf93ed4}</UniqueIdentifier>
    </Filter>
    <Filter Include="Core\Object\Monster">
      <UniqueIdentifier>{b0b41fc5-4a08-4b39-ac77-6c7fca1edc0e}</UniqueIdentifier>
    </Filter>
    <Filter Include="Core\Feature\Battle">
      <UniqueIdentifier>{7b8cfa1b-f39e-436c-a507-d39137db4211}</UniqueIdentifier>
    </Filter>
    <Filter Include="Core\Text\ScanBase">
      <UniqueIdentifier>{d94f27e6-1e8b-4fc4-bad8-a92a6a9f0957}</UniqueIdentifier>
    </Filter>
    <Filter Include="Core\Text\GameText">
      <UniqueIdentifier>{8fac5278-2165-4713-8f62-ed0f66e49d43}</UniqueIdentifier>
    </Filter>
    <Filter Include="Core\Object\Task">
      <UniqueIdentifier>{cf7a21e0-b885-41c5-8a6d-9faeb2e21281}</UniqueIdentifier>
    </Filter>
    <Filter Include="Core\Script\KillMobster">
      <UniqueIdentifier>{c849ebc0-dd49-40b0-9a7d-4e219ec14b6d}</UniqueIdentifier>
    </Filter>
    <Filter Include="Core\Object\Team">
      <UniqueIdentifier>{eb8a5f37-7022-47d4-8390-42792de06ddb}</UniqueIdentifier>
    </Filter>
    <Filter Include="Core\Object\Npc">
      <UniqueIdentifier>{1016269d-9d35-4864-9158-dc7470a0d47c}</UniqueIdentifier>
    </Filter>
  </ItemGroup>
  <ItemGroup>
    <Text Include="ReadMe.txt" />
  </ItemGroup>
  <ItemGroup>
    <ClInclude Include="stdafx.h">
      <Filter>Header Files</Filter>
    </ClInclude>
    <ClInclude Include="targetver.h">
      <Filter>Header Files</Filter>
    </ClInclude>
    <ClInclude Include="..\..\MyTools\MyTools\Character.h">
      <Filter>MyTools</Filter>
    </ClInclude>
    <ClInclude Include="..\..\MyTools\MyTools\ClassInstance.h">
      <Filter>MyTools</Filter>
    </ClInclude>
    <ClInclude Include="..\..\MyTools\MyTools\CLAsync.h">
      <Filter>MyTools</Filter>
    </ClInclude>
    <ClInclude Include="..\..\MyTools\MyTools\CLClient.h">
      <Filter>MyTools</Filter>
    </ClInclude>
    <ClInclude Include="..\..\MyTools\MyTools\CLEchoException.h">
      <Filter>MyTools</Filter>
    </ClInclude>
    <ClInclude Include="..\..\MyTools\MyTools\CLErrMsg.h">
      <Filter>MyTools</Filter>
    </ClInclude>
    <ClInclude Include="..\..\MyTools\MyTools\CLExpression.h">
      <Filter>MyTools</Filter>
    </ClInclude>
    <ClInclude Include="..\..\MyTools\MyTools\CLExpressionCalc.h">
      <Filter>MyTools</Filter>
    </ClInclude>
    <ClInclude Include="..\..\MyTools\MyTools\CLFile.h">
      <Filter>MyTools</Filter>
    </ClInclude>
    <ClInclude Include="..\..\MyTools\MyTools\CLLock.h">
      <Filter>MyTools</Filter>
    </ClInclude>
    <ClInclude Include="..\..\MyTools\MyTools\CLNoModuleDLL.h">
      <Filter>MyTools</Filter>
    </ClInclude>
    <ClInclude Include="..\..\MyTools\MyTools\CLPic.h">
      <Filter>MyTools</Filter>
    </ClInclude>
    <ClInclude Include="..\..\MyTools\MyTools\CLProcess.h">
      <Filter>MyTools</Filter>
    </ClInclude>
    <ClInclude Include="..\..\MyTools\MyTools\CLPublic.h">
      <Filter>MyTools</Filter>
    </ClInclude>
    <ClInclude Include="..\..\MyTools\MyTools\CLThread.h">
      <Filter>MyTools</Filter>
    </ClInclude>
    <ClInclude Include="..\..\MyTools\MyTools\CmdLog.h">
      <Filter>MyTools</Filter>
    </ClInclude>
    <ClInclude Include="..\..\MyTools\MyTools\ConditionPrint.h">
      <Filter>MyTools</Filter>
    </ClInclude>
    <ClInclude Include="..\..\MyTools\MyTools\LDasm.h">
      <Filter>MyTools</Filter>
    </ClInclude>
    <ClInclude Include="..\..\MyTools\MyTools\LdrHeader.h">
      <Filter>MyTools</Filter>
    </ClInclude>
    <ClInclude Include="..\..\MyTools\MyTools\Log.h">
      <Filter>MyTools</Filter>
    </ClInclude>
    <ClInclude Include="..\..\MyTools\MyTools\PELoader.h">
      <Filter>MyTools</Filter>
    </ClInclude>
    <ClInclude Include="..\..\MyTools\MyTools\SocketBuffer.h">
      <Filter>MyTools</Filter>
    </ClInclude>
    <ClInclude Include="..\..\MyTools\MyTools\TimeTick.h">
      <Filter>MyTools</Filter>
    </ClInclude>
    <ClInclude Include="..\..\MyTools\MyTools\ToolsPublic.h">
      <Filter>MyTools</Filter>
    </ClInclude>
    <ClInclude Include="..\..\MyTools\MyTools\CLClientIoEvent.h">
      <Filter>MyTools</Filter>
    </ClInclude>
    <ClInclude Include="GameCALL.h">
      <Filter>Core\Feature\GameCore</Filter>
    </ClInclude>
    <ClInclude Include="CodeTransfer.h">
      <Filter>Core\Feature\GameCore</Filter>
    </ClInclude>
    <ClInclude Include="GameStruct.h">
      <Filter>Core\Common</Filter>
    </ClInclude>
    <ClInclude Include="GameVariable.h">
      <Filter>Core\Text\Res</Filter>
    </ClInclude>
    <ClInclude Include="Expr.h">
      <Filter>Core\Text\Expr</Filter>
    </ClInclude>
    <ClInclude Include="GameUi.h">
      <Filter>Core\Object\GameUi</Filter>
    </ClInclude>
    <ClInclude Include="BaseObject.h">
      <Filter>Core\Object\BaseObject</Filter>
    </ClInclude>
    <ClInclude Include="ObjectExtend.h">
      <Filter>Core\Object\ObjectExtend</Filter>
    </ClInclude>
    <ClInclude Include="PersonAttribute.h">
      <Filter>Core\Object\Person</Filter>
    </ClInclude>
    <ClInclude Include="ObjectFunction.h">
      <Filter>Core\Object\ObjectExtend</Filter>
    </ClInclude>
    <ClInclude Include="GameOffsetPtr.h">
      <Filter>Core\Common</Filter>
    </ClInclude>
    <ClInclude Include="PetAttribute.h">
      <Filter>Core\Object\Pet</Filter>
    </ClInclude>
    <ClInclude Include="Monster.h">
      <Filter>Core\Object\Monster</Filter>
    </ClInclude>
    <ClInclude Include="BattleAttribute.h">
      <Filter>Core\Feature\Battle</Filter>
    </ClInclude>
    <ClInclude Include="BagItem.h">
      <Filter>Core\Object\Bag</Filter>
    </ClInclude>
    <ClInclude Include="BagItemExtend.h">
      <Filter>Core\Object\Bag</Filter>
    </ClInclude>
    <ClInclude Include="BagItemAction.h">
      <Filter>Core\Object\Bag</Filter>
    </ClInclude>
    <ClInclude Include="..\..\MyTools\MyTools\CLSearchBase.h">
      <Filter>MyTools</Filter>
    </ClInclude>
    <ClInclude Include="MonsterExtend.h">
      <Filter>Core\Object\Monster</Filter>
    </ClInclude>
    <ClInclude Include="AskScanBase.h">
      <Filter>Core\Text\ScanBase</Filter>
    </ClInclude>
    <ClInclude Include="GameText.h">
      <Filter>Core\Text\GameText</Filter>
    </ClInclude>
    <ClInclude Include="PetObject.h">
      <Filter>Core\Object\Pet</Filter>
    </ClInclude>
    <ClInclude Include="PetExtend.h">
      <Filter>Core\Object\Pet</Filter>
    </ClInclude>
    <ClInclude Include="TaskObject.h">
      <Filter>Core\Object\Task</Filter>
    </ClInclude>
    <ClInclude Include="KillMobsterTask.h">
      <Filter>Core\Script\KillMobster</Filter>
    </ClInclude>
    <ClInclude Include="BattleAction.h">
      <Filter>Core\Feature\Battle</Filter>
    </ClInclude>
    <ClInclude Include="TeamAttribute.h">
      <Filter>Core\Object\Team</Filter>
    </ClInclude>
    <ClInclude Include="NpcObject.h">
      <Filter>Core\Object\Npc</Filter>
    </ClInclude>
  </ItemGroup>
  <ItemGroup>
    <ClCompile Include="stdafx.cpp">
      <Filter>Source Files</Filter>
    </ClCompile>
    <ClCompile Include="GameDLL.cpp">
      <Filter>Source Files</Filter>
    </ClCompile>
    <ClCompile Include="dllmain.cpp">
      <Filter>Source Files</Filter>
    </ClCompile>
    <ClCompile Include="..\..\MyTools\MyTools\Character.cpp">
      <Filter>MyTools</Filter>
    </ClCompile>
    <ClCompile Include="..\..\MyTools\MyTools\CLAsync.cpp">
      <Filter>MyTools</Filter>
    </ClCompile>
    <ClCompile Include="..\..\MyTools\MyTools\CLClient.cpp">
      <Filter>MyTools</Filter>
    </ClCompile>
    <ClCompile Include="..\..\MyTools\MyTools\CLErrMsg.cpp">
      <Filter>MyTools</Filter>
    </ClCompile>
    <ClCompile Include="..\..\MyTools\MyTools\CLExpression.cpp">
      <Filter>MyTools</Filter>
    </ClCompile>
    <ClCompile Include="..\..\MyTools\MyTools\CLExpressionCalc.cpp">
      <Filter>MyTools</Filter>
    </ClCompile>
    <ClCompile Include="..\..\MyTools\MyTools\CLFile.cpp">
      <Filter>MyTools</Filter>
    </ClCompile>
    <ClCompile Include="..\..\MyTools\MyTools\CLLock.cpp">
      <Filter>MyTools</Filter>
    </ClCompile>
    <ClCompile Include="..\..\MyTools\MyTools\CLNoModuleDLL.cpp">
      <Filter>MyTools</Filter>
    </ClCompile>
    <ClCompile Include="..\..\MyTools\MyTools\CLPic.cpp">
      <Filter>MyTools</Filter>
    </ClCompile>
    <ClCompile Include="..\..\MyTools\MyTools\CLProcess.cpp">
      <Filter>MyTools</Filter>
    </ClCompile>
    <ClCompile Include="..\..\MyTools\MyTools\CLThread.cpp">
      <Filter>MyTools</Filter>
    </ClCompile>
    <ClCompile Include="..\..\MyTools\MyTools\CmdLog.cpp">
      <Filter>MyTools</Filter>
    </ClCompile>
    <ClCompile Include="..\..\MyTools\MyTools\CPublic.cpp">
      <Filter>MyTools</Filter>
    </ClCompile>
    <ClCompile Include="..\..\MyTools\MyTools\LDasm.cpp">
      <Filter>MyTools</Filter>
    </ClCompile>
    <ClCompile Include="..\..\MyTools\MyTools\LdrHeader.cpp">
      <Filter>MyTools</Filter>
    </ClCompile>
    <ClCompile Include="..\..\MyTools\MyTools\Log.cpp">
      <Filter>MyTools</Filter>
    </ClCompile>
    <ClCompile Include="..\..\MyTools\MyTools\PELoader.cpp">
      <Filter>MyTools</Filter>
    </ClCompile>
    <ClCompile Include="..\..\MyTools\MyTools\SocketBuffer.cpp">
      <Filter>MyTools</Filter>
    </ClCompile>
    <ClCompile Include="..\..\MyTools\MyTools\TimeTick.cpp">
      <Filter>MyTools</Filter>
    </ClCompile>
    <ClCompile Include="..\..\MyTools\MyTools\CLClientIoEvent.cpp">
      <Filter>MyTools</Filter>
    </ClCompile>
    <ClCompile Include="GameCALL.cpp">
      <Filter>Core\Feature\GameCore</Filter>
    </ClCompile>
    <ClCompile Include="CodeTransfer.cpp">
      <Filter>Core\Feature\GameCore</Filter>
    </ClCompile>
    <ClCompile Include="GameVariable.cpp">
      <Filter>Core\Text\Res</Filter>
    </ClCompile>
    <ClCompile Include="Expr.cpp">
      <Filter>Core\Text\Expr</Filter>
    </ClCompile>
    <ClCompile Include="GameUi.cpp">
      <Filter>Core\Object\GameUi</Filter>
    </ClCompile>
    <ClCompile Include="ObjectExtend.cpp">
      <Filter>Core\Object\ObjectExtend</Filter>
    </ClCompile>
    <ClCompile Include="PersonAttribute.cpp">
      <Filter>Core\Object\Person</Filter>
    </ClCompile>
    <ClCompile Include="ObjectFunction.cpp">
      <Filter>Core\Object\ObjectExtend</Filter>
    </ClCompile>
    <ClCompile Include="GameOffsetPtr.cpp">
      <Filter>Core\Common</Filter>
    </ClCompile>
    <ClCompile Include="PetAttribute.cpp">
      <Filter>Core\Object\Pet</Filter>
    </ClCompile>
    <ClCompile Include="Monster.cpp">
      <Filter>Core\Object\Monster</Filter>
    </ClCompile>
    <ClCompile Include="BattleAttribute.cpp">
      <Filter>Core\Feature\Battle</Filter>
    </ClCompile>
    <ClCompile Include="BagItem.cpp">
      <Filter>Core\Object\Bag</Filter>
    </ClCompile>
    <ClCompile Include="BagItemExtend.cpp">
      <Filter>Core\Object\Bag</Filter>
    </ClCompile>
    <ClCompile Include="BagItemAction.cpp">
      <Filter>Core\Object\Bag</Filter>
    </ClCompile>
    <ClCompile Include="..\..\MyTools\MyTools\CLSearchBase.cpp">
      <Filter>MyTools</Filter>
    </ClCompile>
    <ClCompile Include="MonsterExtend.cpp">
      <Filter>Core\Object\Monster</Filter>
    </ClCompile>
    <ClCompile Include="AskScanBase.cpp">
      <Filter>Core\Text\ScanBase</Filter>
    </ClCompile>
    <ClCompile Include="GameText.cpp">
      <Filter>Core\Text\GameText</Filter>
    </ClCompile>
    <ClCompile Include="PetObject.cpp">
      <Filter>Core\Object\Pet</Filter>
    </ClCompile>
    <ClCompile Include="PetExtend.cpp">
      <Filter>Core\Object\Pet</Filter>
    </ClCompile>
    <ClCompile Include="TaskObject.cpp">
      <Filter>Core\Object\Task</Filter>
    </ClCompile>
    <ClCompile Include="KillMobsterTask.cpp">
      <Filter>Core\Script\KillMobster</Filter>
    </ClCompile>
    <ClCompile Include="BattleAction.cpp">
      <Filter>Core\Feature\Battle</Filter>
    </ClCompile>
    <ClCompile Include="TeamAttribute.cpp">
      <Filter>Core\Object\Team</Filter>
    </ClCompile>
    <ClCompile Include="NpcObject.cpp">
      <Filter>Core\Object\Npc</Filter>
    </ClCompile>
  </ItemGroup>
</Project>